{
  "name": "fingerprint-twitch-bot",
  "version": "1.0.0",
  "lockfileVersion": 2,
  "requires": true,
  "packages": {
    "": {
      "name": "fingerprint-twitch-bot",
      "version": "1.0.0",
      "license": "ISC",
      "dependencies": {
        "@types/node": "^16.3.2",
        "tmi.js": "^1.8.3"
      },
      "devDependencies": {
        "@types/tmi.js": "^1.7.2"
      }
    },
    "node_modules/@types/node": {
      "version": "16.3.2",
      "resolved": "https://registry.npmjs.org/@types/node/-/node-16.3.2.tgz",
      "integrity": "sha512-jJs9ErFLP403I+hMLGnqDRWT0RYKSvArxuBVh2veudHV7ifEC1WAmjJADacZ7mRbA2nWgHtn8xyECMAot0SkAw=="
    },
    "node_modules/@types/tmi.js": {
      "version": "1.7.2",
      "resolved": "https://registry.npmjs.org/@types/tmi.js/-/tmi.js-1.7.2.tgz",
      "integrity": "sha512-muB6KaYj40VQlE+oQNy0BP8x4nY4+nc5yEitSGhgdMazLNkIWBqcdlO13/tSDe/MZtIidQrl4HI/uQKHfOdtIw==",
      "dev": true
    },
    "node_modules/node-fetch": {
      "version": "2.6.1",
      "resolved": "https://registry.npmjs.org/node-fetch/-/node-fetch-2.6.1.tgz",
      "integrity": "sha512-V4aYg89jEoVRxRb2fJdAg8FHvI7cEyYdVAh94HH0UIK8oJxUfkjlDQN9RbMx+bEjP7+ggMiFRprSti032Oipxw==",
      "engines": {
        "node": "4.x || >=6.0.0"
      }
    },
    "node_modules/tmi.js": {
      "version": "1.8.3",
      "resolved": "https://registry.npmjs.org/tmi.js/-/tmi.js-1.8.3.tgz",
      "integrity": "sha512-1YAO3hwnkpAbUfVlpxcqOHP4Nun/+TqxWE/e/ZKMB6p40ZKczhI03oZW2Qx3pppqWjXz5kSjHdT/vTTfi2gCGQ==",
      "dependencies": {
        "node-fetch": "^2.6.1",
        "ws": "^7.4.3"
      },
      "engines": {
        "node": ">=10.0.0"
      }
    },
    "node_modules/ws": {
      "version": "7.5.3",
      "resolved": "https://registry.npmjs.org/ws/-/ws-7.5.3.tgz",
      "integrity": "sha512-kQ/dHIzuLrS6Je9+uv81ueZomEwH0qVYstcAQ4/Z93K8zeko9gtAbttJWzoC5ukqXY1PpoouV3+VSOqEAFt5wg==",
      "engines": {
        "node": ">=8.3.0"
      },
      "peerDependencies": {
        "bufferutil": "^4.0.1",
        "utf-8-validate": "^5.0.2"
      },
      "peerDependenciesMeta": {
        "bufferutil": {
          "optional": true
        },
        "utf-8-validate": {
          "optional": true
        }
      }
    }
  },
  "dependencies": {
    "@types/node": {
      "version": "16.3.2",
      "resolved": "https://registry.npmjs.org/@types/node/-/node-16.3.2.tgz",
      "integrity": "sha512-jJs9ErFLP403I+hMLGnqDRWT0RYKSvArxuBVh2veudHV7ifEC1WAmjJADacZ7mRbA2nWgHtn8xyECMAot0SkAw=="
    },
    "@types/tmi.js": {
      "version": "1.7.2",
      "resolved": "https://registry.npmjs.org/@types/tmi.js/-/tmi.js-1.7.2.tgz",
      "integrity": "sha512-muB6KaYj40VQlE+oQNy0BP8x4nY4+nc5yEitSGhgdMazLNkIWBqcdlO13/tSDe/MZtIidQrl4HI/uQKHfOdtIw==",
      "dev": true
    },
    "node-fetch": {
      "version": "2.6.1",
      "resolved": "https://registry.npmjs.org/node-fetch/-/node-fetch-2.6.1.tgz",
      "integrity": "sha512-V4aYg89jEoVRxRb2fJdAg8FHvI7cEyYdVAh94HH0UIK8oJxUfkjlDQN9RbMx+bEjP7+ggMiFRprSti032Oipxw=="
    },
    "tmi.js": {
      "version": "1.8.3",
      "resolved": "https://registry.npmjs.org/tmi.js/-/tmi.js-1.8.3.tgz",
      "integrity": "sha512-1YAO3hwnkpAbUfVlpxcqOHP4Nun/+TqxWE/e/ZKMB6p40ZKczhI03oZW2Qx3pppqWjXz5kSjHdT/vTTfi2gCGQ==",
      "requires": {
        "node-fetch": "^2.6.1",
        "ws": "^7.4.3"
      }
    },
    "ws": {
      "version": "7.5.3",
      "resolved": "https://registry.npmjs.org/ws/-/ws-7.5.3.tgz",
      "integrity": "sha512-kQ/dHIzuLrS6Je9+uv81ueZomEwH0qVYstcAQ4/Z93K8zeko9gtAbttJWzoC5ukqXY1PpoouV3+VSOqEAFt5wg==",
      "requires": {}
    }
  }
}
